# THIS IS AN AUTOGENERATED FILE. DO NOT EDIT THIS FILE DIRECTLY.
# yarn lockfile v1


"@material/animation@^13.0.0":
  version "13.0.0"
  resolved "https://registry.yarnpkg.com/@material/animation/-/animation-13.0.0.tgz#42ec7aee6548ba27edb49063c7a7ae431e4ef450"
  integrity sha512-YR0/u4u56qXDjKYolQ7F+IvlPkaSBhMl/dZv8DK0FbD6PH4ckOPd3bEXNRndXtprsxwknQQP2pttjPImylkl0g==
  dependencies:
    tslib "^2.1.0"

"@material/base@^13.0.0":
  version "13.0.0"
  resolved "https://registry.yarnpkg.com/@material/base/-/base-13.0.0.tgz#18f7f5ac112bf67e66c1ade6ab543ea9df9d3836"
  integrity sha512-vFx0JryRfcvUNX3cZ2u32wUMvxzd+c/YW0LFOXNgqCDWlubHcMm0Y6Wz371LhfQo80/NE69u+/4Joo99yKnVeg==
  dependencies:
    tslib "^2.1.0"

"@material/checkbox@^13.0.0":
  version "13.0.0"
  resolved "https://registry.yarnpkg.com/@material/checkbox/-/checkbox-13.0.0.tgz#ee7ca7930586102a748998239672f62724a90ad9"
  integrity sha512-tRC6n9Jq7GgdU0d1F8NOvUy6WiRZR58tUgL1QqoiQK9PGKSt0dAF3Aa48uubO7/Lt9K4NqgwV6/OeHv8pHaM/w==
  dependencies:
    "@material/animation" "^13.0.0"
    "@material/base" "^13.0.0"
    "@material/density" "^13.0.0"
    "@material/dom" "^13.0.0"
    "@material/feature-targeting" "^13.0.0"
    "@material/ripple" "^13.0.0"
    "@material/theme" "^13.0.0"
    "@material/touch-target" "^13.0.0"
    tslib "^2.1.0"

"@material/density@^13.0.0":
  version "13.0.0"
  resolved "https://registry.yarnpkg.com/@material/density/-/density-13.0.0.tgz#5ae2fdec0418775014fed24e7ccdd5ba5d005d54"
  integrity sha512-ppJTzOsuhjQam5GvHaq/XZocZNUr+41XQ2sd5nONAmQ0wwzXgqG0FaxtF1EXqK3uZFadz+vAu6enagre9DXhTA==
  dependencies:
    tslib "^2.1.0"

"@material/dom@^13.0.0":
  version "13.0.0"
  resolved "https://registry.yarnpkg.com/@material/dom/-/dom-13.0.0.tgz#3f3cc935f6e59fa99e3dafe118d3e48091118c0e"
  integrity sha512-M9HLAYBZtkTUvf66FL+jAEvUOdhji1HkGA1mV6oyE+HY9gkCkmso+mngvzlLd5+uaAVE9I3WQFhSb9gp0cpXnw==
  dependencies:
    "@material/feature-targeting" "^13.0.0"
    tslib "^2.1.0"

"@material/feature-targeting@^13.0.0":
  version "13.0.0"
  resolved "https://registry.yarnpkg.com/@material/feature-targeting/-/feature-targeting-13.0.0.tgz#7bc7840b40930b6831101a22882acdd0329591c0"
  integrity sha512-QJClfeaA4EMyAxKJy9WR0Nx+/VwSZCkhGLUVBG9NhxqYGfl/LtaeaidrNm32vYEoNZAofN92VD2RwQTRwp/dMQ==
  dependencies:
    tslib "^2.1.0"

"@material/list@^13.0.0":
  version "13.0.0"
  resolved "https://registry.yarnpkg.com/@material/list/-/list-13.0.0.tgz#57a77aeff4d177da76f9d849f9e1db0d17027c9c"
  integrity sha512-poq4WNDEfW6Z3YPAn3wdBX4RSkj3A83Pht6984MmG8YJZMlq34ftHECw37VcdmFJIyRPdpZqywJo/i7CxsSAgQ==
  dependencies:
    "@material/base" "^13.0.0"
    "@material/density" "^13.0.0"
    "@material/dom" "^13.0.0"
    "@material/feature-targeting" "^13.0.0"
    "@material/ripple" "^13.0.0"
    "@material/rtl" "^13.0.0"
    "@material/shape" "^13.0.0"
    "@material/theme" "^13.0.0"
    "@material/typography" "^13.0.0"
    tslib "^2.1.0"

"@material/ripple@^13.0.0":
  version "13.0.0"
  resolved "https://registry.yarnpkg.com/@material/ripple/-/ripple-13.0.0.tgz#fc6a56ccd33c1edf3f049d9e79294f496c2d72df"
  integrity sha512-hx4B40hB2rRfsGwf1jwo2GGlYDq0yUQjcMcMmXfQipPJNpQhy8ylmXKc1DBjmWf7EQ/MgbfCSYwPrYXrbGP31w==
  dependencies:
    "@material/animation" "^13.0.0"
    "@material/base" "^13.0.0"
    "@material/dom" "^13.0.0"
    "@material/feature-targeting" "^13.0.0"
    "@material/rtl" "^13.0.0"
    "@material/theme" "^13.0.0"
    tslib "^2.1.0"

"@material/rtl@^13.0.0":
  version "13.0.0"
  resolved "https://registry.yarnpkg.com/@material/rtl/-/rtl-13.0.0.tgz#c8dbdc2b63d122450ff456572d08a9f5639704ab"
  integrity sha512-nFGy3iQg7k+xLs67eb86mRFVLwa0yi7MusqRK4OM8DXcLO5yoVfUTPKpdSykcbRryp9imVHsxutox2tZawR4og==
  dependencies:
    "@material/theme" "^13.0.0"
    tslib "^2.1.0"

"@material/shape@^13.0.0":
  version "13.0.0"
  resolved "https://registry.yarnpkg.com/@material/shape/-/shape-13.0.0.tgz#42751ceb4c709c87026f14340aed1831106fdfda"
  integrity sha512-exk96+iCjzCujk3aSrvIMhmW773s1Tc0h+MbQKbt6Iv3nHJCyLSiRbxclCHXWHrVwG/9KZRkrt/g2qk7P3VRBg==
  dependencies:
    "@material/feature-targeting" "^13.0.0"
    "@material/rtl" "^13.0.0"
    "@material/theme" "^13.0.0"
    tslib "^2.1.0"

"@material/theme@^13.0.0":
  version "13.0.0"
  resolved "https://registry.yarnpkg.com/@material/theme/-/theme-13.0.0.tgz#dad25ca7c3427d5d35f074343c7f7957cbc1eb8c"
  integrity sha512-KAe1s0MvvfCGAwJliDVTvgAKuD3ESwhl7F7br4Iam4IPdqME2rWl8NPhKHFfaWqTG7PyCgMMngYEYuA8cLNTsA==
  dependencies:
    "@material/feature-targeting" "^13.0.0"
    tslib "^2.1.0"

"@material/touch-target@^13.0.0":
  version "13.0.0"
  resolved "https://registry.yarnpkg.com/@material/touch-target/-/touch-target-13.0.0.tgz#330d0b03988f65916cce3a97f38c5b9d74104a27"
  integrity sha512-2BMjj+nwKIYG7cZZGcNuRSKo53knqDu9ksv9wLidxjLgzqXBd1v9gdXsqMRQXepoOqftWGmYMaRYI0xMnxt6lA==
  dependencies:
    "@material/base" "^13.0.0"
    "@material/feature-targeting" "^13.0.0"
    "@material/rtl" "^13.0.0"
    tslib "^2.1.0"

"@material/typography@^13.0.0":
  version "13.0.0"
  resolved "https://registry.yarnpkg.com/@material/typography/-/typography-13.0.0.tgz#da40615bddea8c56496a89b3a6f8f71c1fccce96"
  integrity sha512-UfaK4vT3LmGiiySf2RVIrf7fJZa6EJadFwo4YUMJx9bvUMRlBm1oI8Vo9fYpKdLfuSTeA+2BlgbwYVObj3laFw==
  dependencies:
    "@material/feature-targeting" "^13.0.0"
    "@material/theme" "^13.0.0"
    tslib "^2.1.0"

"@smui/checkbox@^6.0.0":
  version "6.0.0"
  resolved "https://registry.yarnpkg.com/@smui/checkbox/-/checkbox-6.0.0.tgz#36f31ef109644ccb290a4b10fd021f0162794a2d"
  integrity sha512-zFaGjkVvf4ASctFsI0b8NtWjuLam+4/pM6fBDlmv36tTbkqQgUNe+DhkVDDqABfI0ecz92aaioNDrZYfjCP8BQ==
  dependencies:
    "@material/checkbox" "^13.0.0"
    "@smui/common" "^6.0.0"
    "@smui/ripple" "^6.0.0"
    svelte2tsx "^0.5.12"

"@smui/common@^6.0.0":
  version "6.0.0"
  resolved "https://registry.yarnpkg.com/@smui/common/-/common-6.0.0.tgz#aa422f637a8b00c841ca114f6c0a28548a93b23e"
  integrity sha512-FU9e/1+KnocxjNfOl3Cdpb+nJEXXnvyfTDUPsBV5bJ0tfOVhfEf3wb0maIGx2wZF1hWyRXlkrk8cU0coBwfGjQ==
  dependencies:
    "@material/dom" "^13.0.0"
    "@tsconfig/svelte" "^3.0.0"
    svelte2tsx "^0.5.12"

"@smui/list@^6.0.0":
  version "6.0.0"
  resolved "https://registry.yarnpkg.com/@smui/list/-/list-6.0.0.tgz#0e76b0212182bd3d3d6794fc2e449b16d7400ddd"
  integrity sha512-6m8Jh74c3dCHWHafRca71tsGn97RI5rxmcT8hEaFanBrApB7EzRTlBAha9u2XjGFujhAor6HZc2nhu4z8kpIDQ==
  dependencies:
    "@material/dom" "^13.0.0"
    "@material/feature-targeting" "^13.0.0"
    "@material/list" "^13.0.0"
    "@smui/common" "^6.0.0"
    "@smui/ripple" "^6.0.0"
    svelte2tsx "^0.5.12"

"@smui/ripple@^6.0.0":
  version "6.0.0"
  resolved "https://registry.yarnpkg.com/@smui/ripple/-/ripple-6.0.0.tgz#39aa3532061dc8d7d764cbdd1606889e4defdee4"
  integrity sha512-fFJcBcZX5wtTm95xRL92iNfdJ9jk8S/puxODS+7BI+GizVlDeiGE3gmQIPsIXxpmGicWQCobjEAKdCXj37fr4w==
  dependencies:
    "@material/dom" "^13.0.0"
    "@material/ripple" "^13.0.0"
    "@smui/common" "^6.0.0"
    svelte2tsx "^0.5.12"

"@tsconfig/svelte@^3.0.0":
  version "3.0.0"
  resolved "https://registry.yarnpkg.com/@tsconfig/svelte/-/svelte-3.0.0.tgz#b06e059209f04c414de0069f2f0e2796d979fc6f"
  integrity sha512-pYrtLtOwku/7r1i9AMONsJMVYAtk3hzOfiGNekhtq5tYBGA7unMve8RvUclKLMT3PrihvJqUmzsRGh0RP84hKg==

dedent-js@^1.0.1:
  version "1.0.1"
  resolved "https://registry.yarnpkg.com/dedent-js/-/dedent-js-1.0.1.tgz#bee5fb7c9e727d85dffa24590d10ec1ab1255305"
  integrity sha512-OUepMozQULMLUmhxS95Vudo0jb0UchLimi3+pQ2plj61Fcy8axbP9hbiD4Sz6DPqn6XG3kfmziVfQ1rSys5AJQ==

lower-case@^2.0.2:
  version "2.0.2"
  resolved "https://registry.yarnpkg.com/lower-case/-/lower-case-2.0.2.tgz#6fa237c63dbdc4a82ca0fd882e4722dc5e634e28"
  integrity sha512-7fm3l3NAF9WfN6W3JOmf5drwpVqX78JtoGJ3A6W0a6ZnldM41w2fV5D490psKFTpMds8TJse/eHLFFsNHHjHgg==
  dependencies:
    tslib "^2.0.3"

no-case@^3.0.4:
  version "3.0.4"
  resolved "https://registry.yarnpkg.com/no-case/-/no-case-3.0.4.tgz#d361fd5c9800f558551a8369fc0dcd4662b6124d"
  integrity sha512-fgAN3jGAh+RoxUGZHTSOLJIqUc2wmoBwGR4tbpNAKmmovFoWq0OdRkb0VkldReO2a2iBT/OEulG9XSUc10r3zg==
  dependencies:
    lower-case "^2.0.2"
    tslib "^2.0.3"

pascal-case@^3.1.1:
  version "3.1.2"
  resolved "https://registry.yarnpkg.com/pascal-case/-/pascal-case-3.1.2.tgz#b48e0ef2b98e205e7c1dae747d0b1508237660eb"
  integrity sha512-uWlGT3YSnK9x3BQJaOdcZwrnV6hPpd8jFH1/ucpiLRPh/2zCVJKS19E4GvYHvaCcACn3foXZ0cLB9Wrx1KGe5g==
  dependencies:
    no-case "^3.0.4"
    tslib "^2.0.3"

prettier-plugin-svelte@^2.7.0:
  version "2.7.0"
  resolved "https://registry.yarnpkg.com/prettier-plugin-svelte/-/prettier-plugin-svelte-2.7.0.tgz#ecfa4fe824238a4466a3497df1a96d15cf43cabb"
  integrity sha512-fQhhZICprZot2IqEyoiUYLTRdumULGRvw0o4dzl5jt0jfzVWdGqeYW27QTWAeXhoupEZJULmNoH3ueJwUWFLIA==

prettier@^2.7.1:
  version "2.7.1"
  resolved "https://registry.yarnpkg.com/prettier/-/prettier-2.7.1.tgz#e235806850d057f97bb08368a4f7d899f7760c64"
  integrity sha512-ujppO+MkdPqoVINuDFDRLClm7D78qbDt0/NR+wp5FqEZOoTNAjPHWj17QRhu7geIHJfcNhRk1XVQmF8Bp3ye+g==

svelte2tsx@^0.5.12:
  version "0.5.12"
  resolved "https://registry.yarnpkg.com/svelte2tsx/-/svelte2tsx-0.5.12.tgz#8370516748377056071eb642669484eae12c8193"
  integrity sha512-43ayMivmh1IDCgb+4YDf54YuOJZGCUKFpp37RbfjGgNU+Pmb9HhP+zRXa1pMh4mwSTBfqZS0FbJZP3Q8CSxvvg==
  dependencies:
    dedent-js "^1.0.1"
    pascal-case "^3.1.1"

svelte@^3.49.0:
  version "3.49.0"
  resolved "https://registry.yarnpkg.com/svelte/-/svelte-3.49.0.tgz#5baee3c672306de1070c3b7888fc2204e36a4029"
  integrity sha512-+lmjic1pApJWDfPCpUUTc1m8azDqYCG1JN9YEngrx/hUyIcFJo6VZhj0A1Ai0wqoHcEIuQy+e9tk+4uDgdtsFA==

tslib@^2.0.3, tslib@^2.1.0:
  version "2.4.0"
  resolved "https://registry.yarnpkg.com/tslib/-/tslib-2.4.0.tgz#7cecaa7f073ce680a05847aa77be941098f36dc3"
  integrity sha512-d6xOpEDfsi2CZVlPQzGeux8XMwLT9hssAsaPYExaQMuYskwb+x1x7J371tWlbBdWHroy99KnVB6qIkUbs5X3UQ==
